
Microsoft Visual Studio Solution File, Format Version 12.00
# Visual Studio Version 17
VisualStudioVersion = 17.8.34511.84
MinimumVisualStudioVersion = 10.0.40219.1
Project("{FAE04EC0-301F-11D3-BF4B-00C04F79EFBC}") = "Exemplos", "Exemplos\Exemplos.csproj", "{17D35B8D-FF6B-4962-AE45-A1CF337CCA0F}"
EndProject
Project("{FAE04EC0-301F-11D3-BF4B-00C04F79EFBC}") = "AulasPOO", "AulasPOO\AulasPOO.csproj", "{8B47DB78-EEF8-4B7E-AD77-20D5C74D0BAD}"
EndProject
Global
	GlobalSection(SolutionConfigurationPlatforms) = preSolution
		Debug|Any CPU = Debug|Any CPU
		Release|Any CPU = Release|Any CPU
	EndGlobalSection
	GlobalSection(ProjectConfigurationPlatforms) = postSolution
		{17D35B8D-FF6B-4962-AE45-A1CF337CCA0F}.Debug|Any CPU.ActiveCfg = Debug|Any CPU
		{17D35B8D-FF6B-4962-AE45-A1CF337CCA0F}.Debug|Any CPU.Build.0 = Debug|Any CPU
		{17D35B8D-FF6B-4962-AE45-A1CF337CCA0F}.Release|Any CPU.ActiveCfg = Release|Any CPU
		{17D35B8D-FF6B-4962-AE45-A1CF337CCA0F}.Release|Any CPU.Build.0 = Release|Any CPU
		{8B47DB78-EEF8-4B7E-AD77-20D5C74D0BAD}.Debug|Any CPU.ActiveCfg = Debug|Any CPU
		{8B47DB78-EEF8-4B7E-AD77-20D5C74D0BAD}.Debug|Any CPU.Build.0 = Debug|Any CPU
		{8B47DB78-EEF8-4B7E-AD77-20D5C74D0BAD}.Release|Any CPU.ActiveCfg = Release|Any CPU
		{8B47DB78-EEF8-4B7E-AD77-20D5C74D0BAD}.Release|Any CPU.Build.0 = Release|Any CPU
	EndGlobalSection
	GlobalSection(SolutionProperties) = preSolution
		HideSolutionNode = FALSE
	EndGlobalSection
	GlobalSection(ExtensibilityGlobals) = postSolution
		SolutionGuid = {A70A36F7-1DE2-475F-A2E1-B691F377B261}
	EndGlobalSection
EndGlobal
